// !$*UTF8*$!
{
	archiveVersion = 1;
	classes = {
	};
	objectVersion = 50;
	objects = {

/* Begin PBXBuildFile section */
		1871EA72220F2292005C4CE0 /* AppDelegate.swift in Sources */ = {isa = PBXBuildFile; fileRef = 1871EA71220F2292005C4CE0 /* AppDelegate.swift */; };
		1871EA74220F2292005C4CE0 /* ViewController.swift in Sources */ = {isa = PBXBuildFile; fileRef = 1871EA73220F2292005C4CE0 /* ViewController.swift */; };
		1871EA77220F2292005C4CE0 /* Main.storyboard in Resources */ = {isa = PBXBuildFile; fileRef = 1871EA75220F2292005C4CE0 /* Main.storyboard */; };
		1871EA79220F2294005C4CE0 /* Assets.xcassets in Resources */ = {isa = PBXBuildFile; fileRef = 1871EA78220F2294005C4CE0 /* Assets.xcassets */; };
		1871EA7C220F2294005C4CE0 /* LaunchScreen.storyboard in Resources */ = {isa = PBXBuildFile; fileRef = 1871EA7A220F2294005C4CE0 /* LaunchScreen.storyboard */; };
		1871EA87220F2294005C4CE0 /* HW10Tests.swift in Sources */ = {isa = PBXBuildFile; fileRef = 1871EA86220F2294005C4CE0 /* HW10Tests.swift */; };
		1871EA92220F2294005C4CE0 /* HW10UITests.swift in Sources */ = {isa = PBXBuildFile; fileRef = 1871EA91220F2294005C4CE0 /* HW10UITests.swift */; };
/* End PBXBuildFile section */

/* Begin PBXContainerItemProxy section */
		1871EA83220F2294005C4CE0 /* PBXContainerItemProxy */ = {
			isa = PBXContainerItemProxy;
			containerPortal = 1871EA66220F2292005C4CE0 /* Project object */;
			proxyType = 1;
			remoteGlobalIDString = 1871EA6D220F2292005C4CE0;
			remoteInfo = HW10;
		};
		1871EA8E220F2294005C4CE0 /* PBXContainerItemProxy */ = {
			isa = PBXContainerItemProxy;
			containerPortal = 1871EA66220F2292005C4CE0 /* Project object */;
			proxyType = 1;
			remoteGlobalIDString = 1871EA6D220F2292005C4CE0;
			remoteInfo = HW10;
		};
/* End PBXContainerItemProxy section */

/* Begin PBXFileReference section */
		1871EA6E220F2292005C4CE0 /* HW10.app */ = {isa = PBXFileReference; explicitFileType = wrapper.application; includeInIndex = 0; path = HW10.app; sourceTree = BUILT_PRODUCTS_DIR; };
		1871EA71220F2292005C4CE0 /* AppDelegate.swift */ = {isa = PBXFileReference; lastKnownFileType = sourcecode.swift; path = AppDelegate.swift; sourceTree = "<group>"; };
		1871EA73220F2292005C4CE0 /* ViewController.swift */ = {isa = PBXFileReference; lastKnownFileType = sourcecode.swift; path = ViewController.swift; sourceTree = "<group>"; };
		1871EA76220F2292005C4CE0 /* Base */ = {isa = PBXFileReference; lastKnownFileType = file.storyboard; name = Base; path = Base.lproj/Main.storyboard; sourceTree = "<group>"; };
		1871EA78220F2294005C4CE0 /* Assets.xcassets */ = {isa = PBXFileReference; lastKnownFileType = folder.assetcatalog; path = Assets.xcassets; sourceTree = "<group>"; };
		1871EA7B220F2294005C4CE0 /* Base */ = {isa = PBXFileReference; lastKnownFileType = file.storyboard; name = Base; path = Base.lproj/LaunchScreen.storyboard; sourceTree = "<group>"; };
		1871EA7D220F2294005C4CE0 /* Info.plist */ = {isa = PBXFileReference; lastKnownFileType = text.plist.xml; path = Info.plist; sourceTree = "<group>"; };
		1871EA82220F2294005C4CE0 /* HW10Tests.xctest */ = {isa = PBXFileReference; explicitFileType = wrapper.cfbundle; includeInIndex = 0; path = HW10Tests.xctest; sourceTree = BUILT_PRODUCTS_DIR; };
		1871EA86220F2294005C4CE0 /* HW10Tests.swift */ = {isa = PBXFileReference; lastKnownFileType = sourcecode.swift; path = HW10Tests.swift; sourceTree = "<group>"; };
		1871EA88220F2294005C4CE0 /* Info.plist */ = {isa = PBXFileReference; lastKnownFileType = text.plist.xml; path = Info.plist; sourceTree = "<group>"; };
		1871EA8D220F2294005C4CE0 /* HW10UITests.xctest */ = {isa = PBXFileReference; explicitFileType = wrapper.cfbundle; includeInIndex = 0; path = HW10UITests.xctest; sourceTree = BUILT_PRODUCTS_DIR; };
		1871EA91220F2294005C4CE0 /* HW10UITests.swift */ = {isa = PBXFileReference; lastKnownFileType = sourcecode.swift; path = HW10UITests.swift; sourceTree = "<group>"; };
		1871EA93220F2294005C4CE0 /* Info.plist */ = {isa = PBXFileReference; lastKnownFileType = text.plist.xml; path = Info.plist; sourceTree = "<group>"; };
/* End PBXFileReference section */

/* Begin PBXFrameworksBuildPhase section */
		1871EA6B220F2292005C4CE0 /* Frameworks */ = {
			isa = PBXFrameworksBuildPhase;
			buildActionMask = 2147483647;
			files = (
			);
			runOnlyForDeploymentPostprocessing = 0;
		};
		1871EA7F220F2294005C4CE0 /* Frameworks */ = {
			isa = PBXFrameworksBuildPhase;
			buildActionMask = 2147483647;
			files = (
			);
			runOnlyForDeploymentPostprocessing = 0;
		};
		1871EA8A220F2294005C4CE0 /* Frameworks */ = {
			isa = PBXFrameworksBuildPhase;
			buildActionMask = 2147483647;
			files = (
			);
			runOnlyForDeploymentPostprocessing = 0;
		};
/* End PBXFrameworksBuildPhase section */

/* Begin PBXGroup section */
		1871EA65220F2292005C4CE0 = {
			isa = PBXGroup;
			children = (
				1871EA70220F2292005C4CE0 /* HW10 */,
				1871EA85220F2294005C4CE0 /* HW10Tests */,
				1871EA90220F2294005C4CE0 /* HW10UITests */,
				1871EA6F220F2292005C4CE0 /* Products */,
			);
			sourceTree = "<group>";
		};
		1871EA6F220F2292005C4CE0 /* Products */ = {
			isa = PBXGroup;
			children = (
				1871EA6E220F2292005C4CE0 /* HW10.app */,
				1871EA82220F2294005C4CE0 /* HW10Tests.xctest */,
				1871EA8D220F2294005C4CE0 /* HW10UITests.xctest */,
			);
			name = Products;
			sourceTree = "<group>";
		};
		1871EA70220F2292005C4CE0 /* HW10 */ = {
			isa = PBXGroup;
			children = (
				1871EA71220F2292005C4CE0 /* AppDelegate.swift */,
				1871EA73220F2292005C4CE0 /* ViewController.swift */,
				1871EA75220F2292005C4CE0 /* Main.storyboard */,
				1871EA78220F2294005C4CE0 /* Assets.xcassets */,
				1871EA7A220F2294005C4CE0 /* LaunchScreen.storyboard */,
				1871EA7D220F2294005C4CE0 /* Info.plist */,
			);
			path = HW10;
			sourceTree = "<group>";
		};
		1871EA85220F2294005C4CE0 /* HW10Tests */ = {
			isa = PBXGroup;
			children = (
				1871EA86220F2294005C4CE0 /* HW10Tests.swift */,
				1871EA88220F2294005C4CE0 /* Info.plist */,
			);
			path = HW10Tests;
			sourceTree = "<group>";
		};
		1871EA90220F2294005C4CE0 /* HW10UITests */ = {
			isa = PBXGroup;
			children = (
				1871EA91220F2294005C4CE0 /* HW10UITests.swift */,
				1871EA93220F2294005C4CE0 /* Info.plist */,
			);
			path = HW10UITests;
			sourceTree = "<group>";
		};
/* End PBXGroup section */

/* Begin PBXNativeTarget section */
		1871EA6D220F2292005C4CE0 /* HW10 */ = {
			isa = PBXNativeTarget;
			buildConfigurationList = 1871EA96220F2294005C4CE0 /* Build configuration list for PBXNativeTarget "HW10" */;
			buildPhases = (
				1871EA6A220F2292005C4CE0 /* Sources */,
				1871EA6B220F2292005C4CE0 /* Frameworks */,
				1871EA6C220F2292005C4CE0 /* Resources */,
			);
			buildRules = (
			);
			dependencies = (
			);
			name = HW10;
			productName = HW10;
			productReference = 1871EA6E220F2292005C4CE0 /* HW10.app */;
			productType = "com.apple.product-type.application";
		};
		1871EA81220F2294005C4CE0 /* HW10Tests */ = {
			isa = PBXNativeTarget;
			buildConfigurationList = 1871EA99220F2294005C4CE0 /* Build configuration list for PBXNativeTarget "HW10Tests" */;
			buildPhases = (
				1871EA7E220F2294005C4CE0 /* Sources */,
				1871EA7F220F2294005C4CE0 /* Frameworks */,
				1871EA80220F2294005C4CE0 /* Resources */,
			);
			buildRules = (
			);
			dependencies = (
				1871EA84220F2294005C4CE0 /* PBXTargetDependency */,
			);
			name = HW10Tests;
			productName = HW10Tests;
			productReference = 1871EA82220F2294005C4CE0 /* HW10Tests.xctest */;
			productType = "com.apple.product-type.bundle.unit-test";
		};
		1871EA8C220F2294005C4CE0 /* HW10UITests */ = {
			isa = PBXNativeTarget;
			buildConfigurationList = 1871EA9C220F2294005C4CE0 /* Build configuration list for PBXNativeTarget "HW10UITests" */;
			buildPhases = (
				1871EA89220F2294005C4CE0 /* Sources */,
				1871EA8A220F2294005C4CE0 /* Frameworks */,
				1871EA8B220F2294005C4CE0 /* Resources */,
			);
			buildRules = (
			);
			dependencies = (
				1871EA8F220F2294005C4CE0 /* PBXTargetDependency */,
			);
			name = HW10UITests;
			productName = HW10UITests;
			productReference = 1871EA8D220F2294005C4CE0 /* HW10UITests.xctest */;
			productType = "com.apple.product-type.bundle.ui-testing";
		};
/* End PBXNativeTarget section */

/* Begin PBXProject section */
		1871EA66220F2292005C4CE0 /* Project object */ = {
			isa = PBXProject;
			attributes = {
				LastSwiftUpdateCheck = 1010;
				LastUpgradeCheck = 1010;
				ORGANIZATIONNAME = "min-chia";
				TargetAttributes = {
					1871EA6D220F2292005C4CE0 = {
						CreatedOnToolsVersion = 10.1;
					};
					1871EA81220F2294005C4CE0 = {
						CreatedOnToolsVersion = 10.1;
						TestTargetID = 1871EA6D220F2292005C4CE0;
					};
					1871EA8C220F2294005C4CE0 = {
						CreatedOnToolsVersion = 10.1;
						TestTargetID = 1871EA6D220F2292005C4CE0;
					};
				};
			};
			buildConfigurationList = 1871EA69220F2292005C4CE0 /* Build configuration list for PBXProject "HW10" */;
			compatibilityVersion = "Xcode 9.3";
			developmentRegion = en;
			hasScannedForEncodings = 0;
			knownRegions = (
				en,
				Base,
			);
			mainGroup = 1871EA65220F2292005C4CE0;
			productRefGroup = 1871EA6F220F2292005C4CE0 /* Products */;
			projectDirPath = "";
			projectRoot = "";
			targets = (
				1871EA6D220F2292005C4CE0 /* HW10 */,
				1871EA81220F2294005C4CE0 /* HW10Tests */,
				1871EA8C220F2294005C4CE0 /* HW10UITests */,
			);
		};
/* End PBXProject section */

/* Begin PBXResourcesBuildPhase section */
		1871EA6C220F2292005C4CE0 /* Resources */ = {
			isa = PBXResourcesBuildPhase;
			buildActionMask = 2147483647;
			files = (
				1871EA7C220F2294005C4CE0 /* LaunchScreen.storyboard in Resources */,
				1871EA79220F2294005C4CE0 /* Assets.xcassets in Resources */,
				1871EA77220F2292005C4CE0 /* Main.storyboard in Resources */,
			);
			runOnlyForDeploymentPostprocessing = 0;
		};
		1871EA80220F2294005C4CE0 /* Resources */ = {
			isa = PBXResourcesBuildPhase;
			buildActionMask = 2147483647;
			files = (
			);
			runOnlyForDeploymentPostprocessing = 0;
		};
		1871EA8B220F2294005C4CE0 /* Resources */ = {
			isa = PBXResourcesBuildPhase;
			buildActionMask = 2147483647;
			files = (
			);
			runOnlyForDeploymentPostprocessing = 0;
		};
/* End PBXResourcesBuildPhase section */

/* Begin PBXSourcesBuildPhase section */
		1871EA6A220F2292005C4CE0 /* Sources */ = {
			isa = PBXSourcesBuildPhase;
			buildActionMask = 2147483647;
			files = (
				1871EA74220F2292005C4CE0 /* ViewController.swift in Sources */,
				1871EA72220F2292005C4CE0 /* AppDelegate.swift in Sources */,
			);
			runOnlyForDeploymentPostprocessing = 0;
		};
		1871EA7E220F2294005C4CE0 /* Sources */ = {
			isa = PBXSourcesBuildPhase;
			buildActionMask = 2147483647;
			files = (
				1871EA87220F2294005C4CE0 /* HW10Tests.swift in Sources */,
			);
			runOnlyForDeploymentPostprocessing = 0;
		};
		1871EA89220F2294005C4CE0 /* Sources */ = {
			isa = PBXSourcesBuildPhase;
			buildActionMask = 2147483647;
			files = (
				1871EA92220F2294005C4CE0 /* HW10UITests.swift in Sources */,
			);
			runOnlyForDeploymentPostprocessing = 0;
		};
/* End PBXSourcesBuildPhase section */

/* Begin PBXTargetDependency section */
		1871EA84220F2294005C4CE0 /* PBXTargetDependency */ = {
			isa = PBXTargetDependency;
			target = 1871EA6D220F2292005C4CE0 /* HW10 */;
			targetProxy = 1871EA83220F2294005C4CE0 /* PBXContainerItemProxy */;
		};
		1871EA8F220F2294005C4CE0 /* PBXTargetDependency */ = {
			isa = PBXTargetDependency;
			target = 1871EA6D220F2292005C4CE0 /* HW10 */;
			targetProxy = 1871EA8E220F2294005C4CE0 /* PBXContainerItemProxy */;
		};
/* End PBXTargetDependency section */

/* Begin PBXVariantGroup section */
		1871EA75220F2292005C4CE0 /* Main.storyboard */ = {
			isa = PBXVariantGroup;
			children = (
				1871EA76220F2292005C4CE0 /* Base */,
			);
			name = Main.storyboard;
			sourceTree = "<group>";
		};
		1871EA7A220F2294005C4CE0 /* LaunchScreen.storyboard */ = {
			isa = PBXVariantGroup;
			children = (
				1871EA7B220F2294005C4CE0 /* Base */,
			);
			name = LaunchScreen.storyboard;
			sourceTree = "<group>";
		};
/* End PBXVariantGroup section */

/* Begin XCBuildConfiguration section */
		1871EA94220F2294005C4CE0 /* Debug */ = {
			isa = XCBuildConfiguration;
			buildSettings = {
				ALWAYS_SEARCH_USER_PATHS = NO;
				CLANG_ANALYZER_NONNULL = YES;
				CLANG_ANALYZER_NUMBER_OBJECT_CONVERSION = YES_AGGRESSIVE;
				CLANG_CXX_LANGUAGE_STANDARD = "gnu++14";
				CLANG_CXX_LIBRARY = "libc++";
				CLANG_ENABLE_MODULES = YES;
				CLANG_ENABLE_OBJC_ARC = YES;
				CLANG_ENABLE_OBJC_WEAK = YES;
				CLANG_WARN_BLOCK_CAPTURE_AUTORELEASING = YES;
				CLANG_WARN_BOOL_CONVERSION = YES;
				CLANG_WARN_COMMA = YES;
				CLANG_WARN_CONSTANT_CONVERSION = YES;
				CLANG_WARN_DEPRECATED_OBJC_IMPLEMENTATIONS = YES;
				CLANG_WARN_DIRECT_OBJC_ISA_USAGE = YES_ERROR;
				CLANG_WARN_DOCUMENTATION_COMMENTS = YES;
				CLANG_WARN_EMPTY_BODY = YES;
				CLANG_WARN_ENUM_CONVERSION = YES;
				CLANG_WARN_INFINITE_RECURSION = YES;
				CLANG_WARN_INT_CONVERSION = YES;
				CLANG_WARN_NON_LITERAL_NULL_CONVERSION = YES;
				CLANG_WARN_OBJC_IMPLICIT_RETAIN_SELF = YES;
				CLANG_WARN_OBJC_LITERAL_CONVERSION = YES;
				CLANG_WARN_OBJC_ROOT_CLASS = YES_ERROR;
				CLANG_WARN_RANGE_LOOP_ANALYSIS = YES;
				CLANG_WARN_STRICT_PROTOTYPES = YES;
				CLANG_WARN_SUSPICIOUS_MOVE = YES;
				CLANG_WARN_UNGUARDED_AVAILABILITY = YES_AGGRESSIVE;
				CLANG_WARN_UNREACHABLE_CODE = YES;
				CLANG_WARN__DUPLICATE_METHOD_MATCH = YES;
				CODE_SIGN_IDENTITY = "iPhone Developer";
				COPY_PHASE_STRIP = NO;
				DEBUG_INFORMATION_FORMAT = dwarf;
				ENABLE_STRICT_OBJC_MSGSEND = YES;
				ENABLE_TESTABILITY = YES;
				GCC_C_LANGUAGE_STANDARD = gnu11;
				GCC_DYNAMIC_NO_PIC = NO;
				GCC_NO_COMMON_BLOCKS = YES;
				GCC_OPTIMIZATION_LEVEL = 0;
				GCC_PREPROCESSOR_DEFINITIONS = (
					"DEBUG=1",
					"$(inherited)",
				);
				GCC_WARN_64_TO_32_BIT_CONVERSION = YES;
				GCC_WARN_ABOUT_RETURN_TYPE = YES_ERROR;
				GCC_WARN_UNDECLARED_SELECTOR = YES;
				GCC_WARN_UNINITIALIZED_AUTOS = YES_AGGRESSIVE;
				GCC_WARN_UNUSED_FUNCTION = YES;
				GCC_WARN_UNUSED_VARIABLE = YES;
				IPHONEOS_DEPLOYMENT_TARGET = 12.1;
				MTL_ENABLE_DEBUG_INFO = INCLUDE_SOURCE;
				MTL_FAST_MATH = YES;
				ONLY_ACTIVE_ARCH = YES;
				SDKROOT = iphoneos;
				SWIFT_ACTIVE_COMPILATION_CONDITIONS = DEBUG;
				SWIFT_OPTIMIZATION_LEVEL = "-Onone";
			};
			name = Debug;
		};
		1871EA95220F2294005C4CE0 /* Release */ = {
			isa = XCBuildConfiguration;
			buildSettings = {
				ALWAYS_SEARCH_USER_PATHS = NO;
				CLANG_ANALYZER_NONNULL = YES;
				CLANG_ANALYZER_NUMBER_OBJECT_CONVERSION = YES_AGGRESSIVE;
				CLANG_CXX_LANGUAGE_STANDARD = "gnu++14";
				CLANG_CXX_LIBRARY = "libc++";
				CLANG_ENABLE_MODULES = YES;
				CLANG_ENABLE_OBJC_ARC = YES;
				CLANG_ENABLE_OBJC_WEAK = YES;
				CLANG_WARN_BLOCK_CAPTURE_AUTORELEASING = YES;
				CLANG_WARN_BOOL_CONVERSION = YES;
				CLANG_WARN_COMMA = YES;
				CLANG_WARN_CONSTANT_CONVERSION = YES;
				CLANG_WARN_DEPRECATED_OBJC_IMPLEMENTATIONS = YES;
				CLANG_WARN_DIRECT_OBJC_ISA_USAGE = YES_ERROR;
				CLANG_WARN_DOCUMENTATION_COMMENTS = YES;
				CLANG_WARN_EMPTY_BODY = YES;
				CLANG_WARN_ENUM_CONVERSION = YES;
				CLANG_WARN_INFINITE_RECURSION = YES;
				CLANG_WARN_INT_CONVERSION = YES;
				CLANG_WARN_NON_LITERAL_NULL_CONVERSION = YES;
				CLANG_WARN_OBJC_IMPLICIT_RETAIN_SELF = YES;
				CLANG_WARN_OBJC_LITERAL_CONVERSION = YES;
				CLANG_WARN_OBJC_ROOT_CLASS = YES_ERROR;
				CLANG_WARN_RANGE_LOOP_ANALYSIS = YES;
				CLANG_WARN_STRICT_PROTOTYPES = YES;
				CLANG_WARN_SUSPICIOUS_MOVE = YES;
				CLANG_WARN_UNGUARDED_AVAILABILITY = YES_AGGRESSIVE;
				CLANG_WARN_UNREACHABLE_CODE = YES;
				CLANG_WARN__DUPLICATE_METHOD_MATCH = YES;
				CODE_SIGN_IDENTITY = "iPhone Developer";
				COPY_PHASE_STRIP = NO;
				DEBUG_INFORMATION_FORMAT = "dwarf-with-dsym";
				ENABLE_NS_ASSERTIONS = NO;
				ENABLE_STRICT_OBJC_MSGSEND = YES;
				GCC_C_LANGUAGE_STANDARD = gnu11;
				GCC_NO_COMMON_BLOCKS = YES;
				GCC_WARN_64_TO_32_BIT_CONVERSION = YES;
				GCC_WARN_ABOUT_RETURN_TYPE = YES_ERROR;
				GCC_WARN_UNDECLARED_SELECTOR = YES;
				GCC_WARN_UNINITIALIZED_AUTOS = YES_AGGRESSIVE;
				GCC_WARN_UNUSED_FUNCTION = YES;
				GCC_WARN_UNUSED_VARIABLE = YES;
				IPHONEOS_DEPLOYMENT_TARGET = 12.1;
				MTL_ENABLE_DEBUG_INFO = NO;
				MTL_FAST_MATH = YES;
				SDKROOT = iphoneos;
				SWIFT_COMPILATION_MODE = wholemodule;
				SWIFT_OPTIMIZATION_LEVEL = "-O";
				VALIDATE_PRODUCT = YES;
			};
			name = Release;
		};
		1871EA97220F2294005C4CE0 /* Debug */ = {
			isa = XCBuildConfiguration;
			buildSettings = {
				ASSETCATALOG_COMPILER_APPICON_NAME = AppIcon;
				CODE_SIGN_STYLE = Automatic;
				INFOPLIST_FILE = HW10/Info.plist;
				LD_RUNPATH_SEARCH_PATHS = (
					"$(inherited)",
					"@executable_path/Frameworks",
				);
				PRODUCT_BUNDLE_IDENTIFIER = com.HelloLogin.HW10;
				PRODUCT_NAME = "$(TARGET_NAME)";
				SWIFT_VERSION = 4.2;
				TARGETED_DEVICE_FAMILY = "1,2";
			};
			name = Debug;
		};
		1871EA98220F2294005C4CE0 /* Release */ = {
			isa = XCBuildConfiguration;
			buildSettings = {
				ASSETCATALOG_COMPILER_APPICON_NAME = AppIcon;
				CODE_SIGN_STYLE = Automatic;
				INFOPLIST_FILE = HW10/Info.plist;
				LD_RUNPATH_SEARCH_PATHS = (
					"$(inherited)",
					"@executable_path/Frameworks",
				);
				PRODUCT_BUNDLE_IDENTIFIER = com.HelloLogin.HW10;
				PRODUCT_NAME = "$(TARGET_NAME)";
				SWIFT_VERSION = 4.2;
				TARGETED_DEVICE_FAMILY = "1,2";
			};
			name = Release;
		};
		1871EA9A220F2294005C4CE0 /* Debug */ = {
			isa = XCBuildConfiguration;
			buildSettings = {
				ALWAYS_EMBED_SWIFT_STANDARD_LIBRARIES = YES;
				BUNDLE_LOADER = "$(TEST_HOST)";
				CODE_SIGN_STYLE = Automatic;
				INFOPLIST_FILE = HW10Tests/Info.plist;
				LD_RUNPATH_SEARCH_PATHS = (
					"$(inherited)",
					"@executable_path/Frameworks",
					"@loader_path/Frameworks",
				);
				PRODUCT_BUNDLE_IDENTIFIER = com.HelloLogin.HW10Tests;
				PRODUCT_NAME = "$(TARGET_NAME)";
				SWIFT_VERSION = 4.2;
				TARGETED_DEVICE_FAMILY = "1,2";
				TEST_HOST = "$(BUILT_PRODUCTS_DIR)/HW10.app/HW10";
			};
			name = Debug;
		};
		1871EA9B220F2294005C4CE0 /* Release */ = {
			isa = XCBuildConfiguration;
			buildSettings = {
				ALWAYS_EMBED_SWIFT_STANDARD_LIBRARIES = YES;
				BUNDLE_LOADER = "$(TEST_HOST)";
				CODE_SIGN_STYLE = Automatic;
				INFOPLIST_FILE = HW10Tests/Info.plist;
				LD_RUNPATH_SEARCH_PATHS = (
					"$(inherited)",
					"@executable_path/Frameworks",
					"@loader_path/Frameworks",
				);
				PRODUCT_BUNDLE_IDENTIFIER = com.HelloLogin.HW10Tests;
				PRODUCT_NAME = "$(TARGET_NAME)";
				SWIFT_VERSION = 4.2;
				TARGETED_DEVICE_FAMILY = "1,2";
				TEST_HOST = "$(BUILT_PRODUCTS_DIR)/HW10.app/HW10";
			};
			name = Release;
		};
		1871EA9D220F2294005C4CE0 /* Debug */ = {
			isa = XCBuildConfiguration;
			buildSettings = {
				ALWAYS_EMBED_SWIFT_STANDARD_LIBRARIES = YES;
				CODE_SIGN_STYLE = Automatic;
				INFOPLIST_FILE = HW10UITests/Info.plist;
				LD_RUNPATH_SEARCH_PATHS = (
					"$(inherited)",
					"@executable_path/Frameworks",
					"@loader_path/Frameworks",
				);
				PRODUCT_BUNDLE_IDENTIFIER = com.HelloLogin.HW10UITests;
				PRODUCT_NAME = "$(TARGET_NAME)";
				SWIFT_VERSION = 4.2;
				TARGETED_DEVICE_FAMILY = "1,2";
				TEST_TARGET_NAME = HW10;
			};
			name = Debug;
		};
		1871EA9E220F2294005C4CE0 /* Release */ = {
			isa = XCBuildConfiguration;
			buildSettings = {
				ALWAYS_EMBED_SWIFT_STANDARD_LIBRARIES = YES;
				CODE_SIGN_STYLE = Automatic;
				INFOPLIST_FILE = HW10UITests/Info.plist;
				LD_RUNPATH_SEARCH_PATHS = (
					"$(inherited)",
					"@executable_path/Frameworks",
					"@loader_path/Frameworks",
				);
				PRODUCT_BUNDLE_IDENTIFIER = com.HelloLogin.HW10UITests;
				PRODUCT_NAME = "$(TARGET_NAME)";
				SWIFT_VERSION = 4.2;
				TARGETED_DEVICE_FAMILY = "1,2";
				TEST_TARGET_NAME = HW10;
			};
			name = Release;
		};
/* End XCBuildConfiguration section */

/* Begin XCConfigurationList section */
		1871EA69220F2292005C4CE0 /* Build configuration list for PBXProject "HW10" */ = {
			isa = XCConfigurationList;
			buildConfigurations = (
				1871EA94220F2294005C4CE0 /* Debug */,
				1871EA95220F2294005C4CE0 /* Release */,
			);
			defaultConfigurationIsVisible = 0;
			defaultConfigurationName = Release;
		};
		1871EA96220F2294005C4CE0 /* Build configuration list for PBXNativeTarget "HW10" */ = {
			isa = XCConfigurationList;
			buildConfigurations = (
				1871EA97220F2294005C4CE0 /* Debug */,
				1871EA98220F2294005C4CE0 /* Release */,
			);
			defaultConfigurationIsVisible = 0;
			defaultConfigurationName = Release;
		};
		1871EA99220F2294005C4CE0 /* Build configuration list for PBXNativeTarget "HW10Tests" */ = {
			isa = XCConfigurationList;
			buildConfigurations = (
				1871EA9A220F2294005C4CE0 /* Debug */,
				1871EA9B220F2294005C4CE0 /* Release */,
			);
			defaultConfigurationIsVisible = 0;
			defaultConfigurationName = Release;
		};
		1871EA9C220F2294005C4CE0 /* Build configuration list for PBXNativeTarget "HW10UITests" */ = {
			isa = XCConfigurationList;
			buildConfigurations = (
				1871EA9D220F2294005C4CE0 /* Debug */,
				1871EA9E220F2294005C4CE0 /* Release */,
			);
			defaultConfigurationIsVisible = 0;
			defaultConfigurationName = Release;
		};
/* End XCConfigurationList section */
	};
	rootObject = 1871EA66220F2292005C4CE0 /* Project object */;
}
